<?xml version="1.0" encoding="utf-8"?>
<Project ToolsVersion="15.0" xmlns="http://schemas.microsoft.com/developer/msbuild/2003">
  <ItemGroup>
    <Filter Include="Resources">
      <UniqueIdentifier>871e166b-d21a-4618-a418-a94cdf9def09</UniqueIdentifier>
      <Extensions>rc;ico;cur;bmp;dlg;rc2;rct;bin;rgs;gif;jpg;jpeg;jpe;resx;tga;tiff;tif;png;wav;mfcribbon-ms</Extensions>
    </Filter>
    <Filter Include="quest-navigator">
      <UniqueIdentifier>{6c0b1a10-2d0a-4985-8549-0a228fc8545a}</UniqueIdentifier>
    </Filter>
    <Filter Include="tinyxml">
      <UniqueIdentifier>{95bebfbf-ec4f-4fd0-9a97-5799578d92b4}</UniqueIdentifier>
    </Filter>
    <Filter Include="qsplib">
      <UniqueIdentifier>{9906b3ed-d79f-4c99-a6b5-1d5b423f5716}</UniqueIdentifier>
    </Filter>
    <Filter Include="quest-navigator\core">
      <UniqueIdentifier>{880433ae-a636-43dd-aee2-808bb6e10215}</UniqueIdentifier>
    </Filter>
    <Filter Include="quest-navigator\platform">
      <UniqueIdentifier>{bb3d5942-db9f-4e83-9f21-ab787193901a}</UniqueIdentifier>
    </Filter>
    <Filter Include="quest-navigator\app">
      <UniqueIdentifier>{6340506a-8703-4559-9abf-1e92de266076}</UniqueIdentifier>
    </Filter>
    <Filter Include="quest-navigator\app\universal">
      <UniqueIdentifier>{2ffe8590-ac87-4e7c-b7e4-f8131d066240}</UniqueIdentifier>
    </Filter>
    <Filter Include="quest-navigator\app\standalone">
      <UniqueIdentifier>{f76a4bc5-44ae-45b3-9362-82f73605f8c0}</UniqueIdentifier>
    </Filter>
    <Filter Include="quest-navigator\face">
      <UniqueIdentifier>{540be03b-a75f-4a31-8616-d9cbffaf5e11}</UniqueIdentifier>
    </Filter>
    <Filter Include="quest-navigator\face\standalone-win10">
      <UniqueIdentifier>{44717deb-52f0-4637-8764-3a90e196874b}</UniqueIdentifier>
    </Filter>
    <Filter Include="quest-navigator\platform\awesomium">
      <UniqueIdentifier>{329d2c7b-c3ac-43dd-b8c5-ca89b9b3c199}</UniqueIdentifier>
    </Filter>
    <Filter Include="quest-navigator\platform\windows10">
      <UniqueIdentifier>{d0d41c84-897e-48b8-9695-d07919f4a690}</UniqueIdentifier>
    </Filter>
    <Filter Include="quest-navigator\face\standalone-win10\completed">
      <UniqueIdentifier>{995a0106-15a1-4c94-871d-aff7db8df426}</UniqueIdentifier>
    </Filter>
    <Filter Include="quest-navigator\face\standalone-win10\drafted">
      <UniqueIdentifier>{0e49e73c-6696-4be0-8677-62976e84e9b9}</UniqueIdentifier>
    </Filter>
    <Filter Include="quest-navigator\core\dto">
      <UniqueIdentifier>{51116c6b-3b16-4da0-b05f-320f995897f8}</UniqueIdentifier>
    </Filter>
    <Filter Include="quest-navigator\core\completed">
      <UniqueIdentifier>{9f79cdd5-c894-41ac-bcee-4116c681409e}</UniqueIdentifier>
    </Filter>
    <Filter Include="quest-navigator\core\drafted">
      <UniqueIdentifier>{342704ff-4b1c-4f9b-b384-a9974a04a160}</UniqueIdentifier>
    </Filter>
    <Filter Include="quest-navigator\face\universal-awesomium-windows">
      <UniqueIdentifier>{0be223ed-5a39-4d17-9166-8095d30fbe95}</UniqueIdentifier>
    </Filter>
  </ItemGroup>
  <ItemGroup>
    <ClCompile Include="pch.cpp" />
    <ClCompile Include="Hello.cpp" />
    <ClCompile Include="src\deps\tinyxml\tinystr.cpp">
      <Filter>tinyxml</Filter>
    </ClCompile>
    <ClCompile Include="src\deps\tinyxml\tinyxml.cpp">
      <Filter>tinyxml</Filter>
    </ClCompile>
    <ClCompile Include="src\deps\tinyxml\tinyxmlerror.cpp">
      <Filter>tinyxml</Filter>
    </ClCompile>
    <ClCompile Include="src\deps\tinyxml\tinyxmlparser.cpp">
      <Filter>tinyxml</Filter>
    </ClCompile>
    <ClCompile Include="src\deps\tinyxml\xmltest.cpp">
      <Filter>tinyxml</Filter>
    </ClCompile>
    <ClCompile Include="src\deps\qsp\codetools.c">
      <Filter>qsplib</Filter>
    </ClCompile>
    <ClCompile Include="src\deps\qsp\coding.c">
      <Filter>qsplib</Filter>
    </ClCompile>
    <ClCompile Include="src\deps\qsp\common.c">
      <Filter>qsplib</Filter>
    </ClCompile>
    <ClCompile Include="src\deps\qsp\onig\enc\cp1251.c">
      <Filter>qsplib</Filter>
    </ClCompile>
    <ClCompile Include="src\deps\qsp\bindings\default\default_callbacks.c">
      <Filter>qsplib</Filter>
    </ClCompile>
    <ClCompile Include="src\deps\qsp\bindings\default\default_coding.c">
      <Filter>qsplib</Filter>
    </ClCompile>
    <ClCompile Include="src\deps\qsp\bindings\default\default_control.c">
      <Filter>qsplib</Filter>
    </ClCompile>
    <ClCompile Include="src\deps\qsp\errors.c">
      <Filter>qsplib</Filter>
    </ClCompile>
    <ClCompile Include="src\deps\qsp\bindings\flash\flash_callbacks.c">
      <Filter>qsplib</Filter>
    </ClCompile>
    <ClCompile Include="src\deps\qsp\bindings\flash\flash_coding.c">
      <Filter>qsplib</Filter>
    </ClCompile>
    <ClCompile Include="src\deps\qsp\bindings\flash\flash_control.c">
      <Filter>qsplib</Filter>
    </ClCompile>
    <ClCompile Include="src\deps\qsp\game.c">
      <Filter>qsplib</Filter>
    </ClCompile>
    <ClCompile Include="src\deps\qsp\bindings\java\java_callbacks.c">
      <Filter>qsplib</Filter>
    </ClCompile>
    <ClCompile Include="src\deps\qsp\bindings\java\java_coding.c">
      <Filter>qsplib</Filter>
    </ClCompile>
    <ClCompile Include="src\deps\qsp\bindings\java\java_control.c">
      <Filter>qsplib</Filter>
    </ClCompile>
    <ClCompile Include="src\deps\qsp\onig\enc\koi8_r.c">
      <Filter>qsplib</Filter>
    </ClCompile>
    <ClCompile Include="src\deps\qsp\locations.c">
      <Filter>qsplib</Filter>
    </ClCompile>
    <ClCompile Include="src\deps\qsp\mathops.c">
      <Filter>qsplib</Filter>
    </ClCompile>
    <ClCompile Include="src\deps\qsp\menu.c">
      <Filter>qsplib</Filter>
    </ClCompile>
    <ClCompile Include="src\deps\qsp\objects.c">
      <Filter>qsplib</Filter>
    </ClCompile>
    <ClCompile Include="src\deps\qsp\playlist.c">
      <Filter>qsplib</Filter>
    </ClCompile>
    <ClCompile Include="src\deps\qsp\onig\regcomp.c">
      <Filter>qsplib</Filter>
    </ClCompile>
    <ClCompile Include="src\deps\qsp\onig\regenc.c">
      <Filter>qsplib</Filter>
    </ClCompile>
    <ClCompile Include="src\deps\qsp\onig\regerror.c">
      <Filter>qsplib</Filter>
    </ClCompile>
    <ClCompile Include="src\deps\qsp\onig\regexec.c">
      <Filter>qsplib</Filter>
    </ClCompile>
    <ClCompile Include="src\deps\qsp\regexp.c">
      <Filter>qsplib</Filter>
    </ClCompile>
    <ClCompile Include="src\deps\qsp\onig\regparse.c">
      <Filter>qsplib</Filter>
    </ClCompile>
    <ClCompile Include="src\deps\qsp\onig\regsyntax.c">
      <Filter>qsplib</Filter>
    </ClCompile>
    <ClCompile Include="src\deps\qsp\onig\regtrav.c">
      <Filter>qsplib</Filter>
    </ClCompile>
    <ClCompile Include="src\deps\qsp\onig\regversion.c">
      <Filter>qsplib</Filter>
    </ClCompile>
    <ClCompile Include="src\deps\qsp\onig\st.c">
      <Filter>qsplib</Filter>
    </ClCompile>
    <ClCompile Include="src\deps\qsp\statements.c">
      <Filter>qsplib</Filter>
    </ClCompile>
    <ClCompile Include="src\deps\qsp\text.c">
      <Filter>qsplib</Filter>
    </ClCompile>
    <ClCompile Include="src\deps\qsp\time.c">
      <Filter>qsplib</Filter>
    </ClCompile>
    <ClCompile Include="src\deps\qsp\towlower.c">
      <Filter>qsplib</Filter>
    </ClCompile>
    <ClCompile Include="src\deps\qsp\towupper.c">
      <Filter>qsplib</Filter>
    </ClCompile>
    <ClCompile Include="src\deps\qsp\onig\enc\unicode.c">
      <Filter>qsplib</Filter>
    </ClCompile>
    <ClCompile Include="src\deps\qsp\onig\enc\utf16_be.c">
      <Filter>qsplib</Filter>
    </ClCompile>
    <ClCompile Include="src\deps\qsp\onig\enc\utf16_le.c">
      <Filter>qsplib</Filter>
    </ClCompile>
    <ClCompile Include="src\deps\qsp\onig\enc\utf32_be.c">
      <Filter>qsplib</Filter>
    </ClCompile>
    <ClCompile Include="src\deps\qsp\onig\enc\utf32_le.c">
      <Filter>qsplib</Filter>
    </ClCompile>
    <ClCompile Include="src\deps\qsp\variables.c">
      <Filter>qsplib</Filter>
    </ClCompile>
    <ClCompile Include="src\deps\qsp\variant.c">
      <Filter>qsplib</Filter>
    </ClCompile>
    <ClCompile Include="src\deps\qsp\callbacks.c">
      <Filter>qsplib</Filter>
    </ClCompile>
    <ClCompile Include="src\deps\qsp\onig\enc\ascii.c">
      <Filter>qsplib</Filter>
    </ClCompile>
    <ClCompile Include="src\deps\qsp\bindings\android\android_control.c">
      <Filter>qsplib</Filter>
    </ClCompile>
    <ClCompile Include="src\deps\qsp\bindings\android\android_coding.c">
      <Filter>qsplib</Filter>
    </ClCompile>
    <ClCompile Include="src\deps\qsp\bindings\android\android_callbacks.c">
      <Filter>qsplib</Filter>
    </ClCompile>
    <ClCompile Include="src\deps\qsp\actions.c">
      <Filter>qsplib</Filter>
    </ClCompile>
    <ClCompile Include="src\quest-navigator\app\universal\gamestock.cpp">
      <Filter>quest-navigator\app\universal</Filter>
    </ClCompile>
    <ClCompile Include="src\quest-navigator\core\skin.cpp">
      <Filter>quest-navigator\core</Filter>
    </ClCompile>
    <ClCompile Include="src\quest-navigator\platform\awesomium\application_win.cc">
      <Filter>quest-navigator\platform\awesomium</Filter>
    </ClCompile>
    <ClCompile Include="src\quest-navigator\platform\awesomium\interceptor.cpp">
      <Filter>quest-navigator\platform\awesomium</Filter>
    </ClCompile>
    <ClCompile Include="src\quest-navigator\platform\awesomium\method_dispatcher.cc">
      <Filter>quest-navigator\platform\awesomium</Filter>
    </ClCompile>
    <ClCompile Include="src\quest-navigator\platform\awesomium\view_win.cc">
      <Filter>quest-navigator\platform\awesomium</Filter>
    </ClCompile>
    <ClCompile Include="src\quest-navigator\platform\awesomium\listener.cpp">
      <Filter>quest-navigator\platform\awesomium</Filter>
    </ClCompile>
    <ClCompile Include="src\quest-navigator\core\files.cpp">
      <Filter>quest-navigator\core</Filter>
    </ClCompile>
    <ClCompile Include="src\quest-navigator\app\universal\update.cpp">
      <Filter>quest-navigator\app\universal</Filter>
    </ClCompile>
    <ClCompile Include="src\quest-navigator\face\standalone-win10\QspLib.cpp">
      <Filter>quest-navigator\face\standalone-win10</Filter>
    </ClCompile>
    <ClCompile Include="src\quest-navigator\app\universal\openGameFile.cpp">
      <Filter>quest-navigator\app\universal</Filter>
    </ClCompile>
    <ClCompile Include="src\quest-navigator\face\standalone-win10\JsExecutor.cpp">
      <Filter>quest-navigator\face\standalone-win10</Filter>
    </ClCompile>
    <ClCompile Include="src\quest-navigator\face\standalone-win10\JsListener.cpp">
      <Filter>quest-navigator\face\standalone-win10\completed</Filter>
    </ClCompile>
    <ClCompile Include="src\quest-navigator\face\standalone-win10\App.cpp">
      <Filter>quest-navigator\face\standalone-win10\drafted</Filter>
    </ClCompile>
    <ClCompile Include="src\quest-navigator\face\standalone-win10\Timer.cpp">
      <Filter>quest-navigator\face\standalone-win10\drafted</Filter>
    </ClCompile>
    <ClCompile Include="src\quest-navigator\face\standalone-win10\EventManager.cpp">
      <Filter>quest-navigator\face\standalone-win10\drafted</Filter>
    </ClCompile>
    <ClCompile Include="src\quest-navigator\face\standalone-win10\LibraryListener.cpp">
      <Filter>quest-navigator\face\standalone-win10\drafted</Filter>
    </ClCompile>
    <ClCompile Include="src\quest-navigator\face\standalone-win10\Library.cpp">
      <Filter>quest-navigator\face\standalone-win10\drafted</Filter>
    </ClCompile>
    <ClCompile Include="src\quest-navigator\core\configuration.cpp">
      <Filter>quest-navigator\core\completed</Filter>
    </ClCompile>
    <ClCompile Include="src\quest-navigator\core\dialogs.cpp">
      <Filter>quest-navigator\core\drafted</Filter>
    </ClCompile>
    <ClCompile Include="src\quest-navigator\core\strings.cpp">
      <Filter>quest-navigator\core\completed</Filter>
    </ClCompile>
    <ClCompile Include="src\quest-navigator\platform\windows10\UwpJsExecutor.cpp">
      <Filter>quest-navigator\platform\windows10</Filter>
    </ClCompile>
    <ClCompile Include="src\quest-navigator\platform\windows10\ErrorDebugReporter.cpp">
      <Filter>quest-navigator\platform\windows10</Filter>
    </ClCompile>
    <ClCompile Include="src\quest-navigator\face\standalone-win10\ConfigurationBuilder.cpp">
      <Filter>quest-navigator\face\standalone-win10</Filter>
    </ClCompile>
    <ClCompile Include="src\quest-navigator\face\universal-awesomium-windows\game_files.cpp">
      <Filter>quest-navigator\face\universal-awesomium-windows</Filter>
    </ClCompile>
    <ClCompile Include="src\quest-navigator\platform\windows10\StringConverter.cpp">
      <Filter>quest-navigator\platform\windows10</Filter>
    </ClCompile>
    <ClCompile Include="src\quest-navigator\face\standalone-win10\GameFileManager.cpp">
      <Filter>quest-navigator\face\standalone-win10</Filter>
    </ClCompile>
    <ClCompile Include="src\quest-navigator\platform\windows10\BeginThread.cpp">
      <Filter>quest-navigator\platform\windows10</Filter>
    </ClCompile>
    <ClCompile Include="src\quest-navigator\platform\windows10\ThreadEmulation.cpp">
      <Filter>quest-navigator\platform\windows10</Filter>
    </ClCompile>
    <ClCompile Include="src\quest-navigator\platform\windows10\ThreadManager.cpp">
      <Filter>quest-navigator\platform\windows10</Filter>
    </ClCompile>
    <ClCompile Include="src\quest-navigator\platform\windows10\ThreadApi.cpp">
      <Filter>quest-navigator\platform\windows10</Filter>
    </ClCompile>
    <ClCompile Include="src\quest-navigator\platform\awesomium\awesomium_encoding.cpp">
      <Filter>quest-navigator\platform\awesomium</Filter>
    </ClCompile>
    <ClCompile Include="src\quest-navigator\platform\awesomium\thread_sync.cpp">
      <Filter>quest-navigator\platform\awesomium</Filter>
    </ClCompile>
    <ClCompile Include="src\quest-navigator\face\universal-awesomium-windows\utils.cpp">
      <Filter>quest-navigator\face\universal-awesomium-windows</Filter>
    </ClCompile>
    <ClCompile Include="src\quest-navigator\core\encoding.cpp">
      <Filter>quest-navigator\core\drafted</Filter>
    </ClCompile>
    <ClCompile Include="src\quest-navigator\face\standalone-win10\JsonSerializer.cpp">
      <Filter>quest-navigator\face\standalone-win10</Filter>
    </ClCompile>
    <ClCompile Include="src\quest-navigator\face\standalone-win10\PathConverter.cpp" />
    <ClCompile Include="src\quest-navigator\platform\windows10\ApplicationPathReader.cpp" />
    <ClCompile Include="src\quest-navigator\face\standalone-win10\SaveFileManager.cpp" />
    <ClCompile Include="src\quest-navigator\face\standalone-win10\FileSystemManager.cpp" />
    <ClCompile Include="src\quest-navigator\platform\windows10\StoragePathReader.cpp" />
    <ClCompile Include="src\quest-navigator\platform\windows10\FileSystemApiWin32.cpp" />
    <ClCompile Include="src\quest-navigator\face\universal-awesomium-windows\sound.cpp">
      <Filter>quest-navigator\core</Filter>
    </ClCompile>
    <ClCompile Include="src\quest-navigator\face\universal-awesomium-windows\midi.cpp">
      <Filter>quest-navigator\core</Filter>
    </ClCompile>
  </ItemGroup>
  <ItemGroup>
    <ClInclude Include="pch.h" />
    <ClInclude Include="Hello.h" />
    <ClInclude Include="src\deps\tinyxml\tinystr.h">
      <Filter>tinyxml</Filter>
    </ClInclude>
    <ClInclude Include="src\deps\tinyxml\tinyxml.h">
      <Filter>tinyxml</Filter>
    </ClInclude>
    <ClInclude Include="src\deps\qsp\actions.h">
      <Filter>qsplib</Filter>
    </ClInclude>
    <ClInclude Include="src\deps\qsp\bindings\android\android.h">
      <Filter>qsplib</Filter>
    </ClInclude>
    <ClInclude Include="src\deps\qsp\bindings\bindings_config.h">
      <Filter>qsplib</Filter>
    </ClInclude>
    <ClInclude Include="src\deps\qsp\callbacks.h">
      <Filter>qsplib</Filter>
    </ClInclude>
    <ClInclude Include="src\deps\qsp\codetools.h">
      <Filter>qsplib</Filter>
    </ClInclude>
    <ClInclude Include="src\deps\qsp\coding.h">
      <Filter>qsplib</Filter>
    </ClInclude>
    <ClInclude Include="src\deps\qsp\common.h">
      <Filter>qsplib</Filter>
    </ClInclude>
    <ClInclude Include="src\deps\qsp\onig\config.h">
      <Filter>qsplib</Filter>
    </ClInclude>
    <ClInclude Include="src\deps\qsp\declarations.h">
      <Filter>qsplib</Filter>
    </ClInclude>
    <ClInclude Include="src\deps\qsp\errors.h">
      <Filter>qsplib</Filter>
    </ClInclude>
    <ClInclude Include="src\deps\qsp\bindings\flash\flash.h">
      <Filter>qsplib</Filter>
    </ClInclude>
    <ClInclude Include="src\deps\qsp\game.h">
      <Filter>qsplib</Filter>
    </ClInclude>
    <ClInclude Include="src\deps\qsp\bindings\java\java.h">
      <Filter>qsplib</Filter>
    </ClInclude>
    <ClInclude Include="src\deps\qsp\locations.h">
      <Filter>qsplib</Filter>
    </ClInclude>
    <ClInclude Include="src\deps\qsp\mathops.h">
      <Filter>qsplib</Filter>
    </ClInclude>
    <ClInclude Include="src\deps\qsp\menu.h">
      <Filter>qsplib</Filter>
    </ClInclude>
    <ClInclude Include="src\deps\qsp\objects.h">
      <Filter>qsplib</Filter>
    </ClInclude>
    <ClInclude Include="src\deps\qsp\onig\oniguruma.h">
      <Filter>qsplib</Filter>
    </ClInclude>
    <ClInclude Include="src\deps\qsp\playlist.h">
      <Filter>qsplib</Filter>
    </ClInclude>
    <ClInclude Include="src\deps\qsp\qsp.h">
      <Filter>qsplib</Filter>
    </ClInclude>
    <ClInclude Include="src\deps\qsp\bindings\default\qsp_default.h">
      <Filter>qsplib</Filter>
    </ClInclude>
    <ClInclude Include="src\deps\qsp\onig\regenc.h">
      <Filter>qsplib</Filter>
    </ClInclude>
    <ClInclude Include="src\deps\qsp\regexp.h">
      <Filter>qsplib</Filter>
    </ClInclude>
    <ClInclude Include="src\deps\qsp\onig\regint.h">
      <Filter>qsplib</Filter>
    </ClInclude>
    <ClInclude Include="src\deps\qsp\onig\regparse.h">
      <Filter>qsplib</Filter>
    </ClInclude>
    <ClInclude Include="src\deps\qsp\onig\st.h">
      <Filter>qsplib</Filter>
    </ClInclude>
    <ClInclude Include="src\deps\qsp\statements.h">
      <Filter>qsplib</Filter>
    </ClInclude>
    <ClInclude Include="src\deps\qsp\text.h">
      <Filter>qsplib</Filter>
    </ClInclude>
    <ClInclude Include="src\deps\qsp\time.h">
      <Filter>qsplib</Filter>
    </ClInclude>
    <ClInclude Include="src\deps\qsp\variables.h">
      <Filter>qsplib</Filter>
    </ClInclude>
    <ClInclude Include="src\deps\qsp\variant.h">
      <Filter>qsplib</Filter>
    </ClInclude>
    <ClInclude Include="src\quest-navigator\app\universal\gamestock.h">
      <Filter>quest-navigator\app\universal</Filter>
    </ClInclude>
    <ClInclude Include="src\quest-navigator\core\skin.h">
      <Filter>quest-navigator\core</Filter>
    </ClInclude>
    <ClInclude Include="src\quest-navigator\platform\awesomium\application.h">
      <Filter>quest-navigator\platform\awesomium</Filter>
    </ClInclude>
    <ClInclude Include="src\quest-navigator\platform\awesomium\interceptor.h">
      <Filter>quest-navigator\platform\awesomium</Filter>
    </ClInclude>
    <ClInclude Include="src\quest-navigator\platform\awesomium\js_delegate.h">
      <Filter>quest-navigator\platform\awesomium</Filter>
    </ClInclude>
    <ClInclude Include="src\quest-navigator\platform\awesomium\method_dispatcher.h">
      <Filter>quest-navigator\platform\awesomium</Filter>
    </ClInclude>
    <ClInclude Include="src\quest-navigator\platform\awesomium\view.h">
      <Filter>quest-navigator\platform\awesomium</Filter>
    </ClInclude>
    <ClInclude Include="src\quest-navigator\platform\awesomium\view_win.h">
      <Filter>quest-navigator\platform\awesomium</Filter>
    </ClInclude>
    <ClInclude Include="src\quest-navigator\platform\awesomium\listener.h">
      <Filter>quest-navigator\platform\awesomium</Filter>
    </ClInclude>
    <ClInclude Include="src\quest-navigator\core\files.h">
      <Filter>quest-navigator\core</Filter>
    </ClInclude>
    <ClInclude Include="src\quest-navigator\app\universal\update.h">
      <Filter>quest-navigator\app\universal</Filter>
    </ClInclude>
    <ClInclude Include="src\quest-navigator\face\standalone-win10\QspLib.h">
      <Filter>quest-navigator\face\standalone-win10</Filter>
    </ClInclude>
    <ClInclude Include="src\quest-navigator\app\universal\openGameFile.h">
      <Filter>quest-navigator\app\universal</Filter>
    </ClInclude>
    <ClInclude Include="src\quest-navigator\face\standalone-win10\JsExecutor.h">
      <Filter>quest-navigator\face\standalone-win10</Filter>
    </ClInclude>
    <ClInclude Include="src\quest-navigator\face\standalone-win10\JsListener.h">
      <Filter>quest-navigator\face\standalone-win10\completed</Filter>
    </ClInclude>
    <ClInclude Include="src\quest-navigator\face\standalone-win10\App.h">
      <Filter>quest-navigator\face\standalone-win10\drafted</Filter>
    </ClInclude>
    <ClInclude Include="src\quest-navigator\face\standalone-win10\Timer.h">
      <Filter>quest-navigator\face\standalone-win10\drafted</Filter>
    </ClInclude>
    <ClInclude Include="src\quest-navigator\face\standalone-win10\EventManager.h">
      <Filter>quest-navigator\face\standalone-win10\drafted</Filter>
    </ClInclude>
    <ClInclude Include="src\quest-navigator\core\dto\SaveSlotsDto.h">
      <Filter>quest-navigator\core\dto</Filter>
    </ClInclude>
    <ClInclude Include="src\quest-navigator\core\dto\SharedDataDto.h">
      <Filter>quest-navigator\core\dto</Filter>
    </ClInclude>
    <ClInclude Include="src\quest-navigator\core\dto\SkinDto.h">
      <Filter>quest-navigator\core\dto</Filter>
    </ClInclude>
    <ClInclude Include="src\quest-navigator\core\dto\GroupedContentDto.h">
      <Filter>quest-navigator\core\dto</Filter>
    </ClInclude>
    <ClInclude Include="src\quest-navigator\core\dto\MenuItemDto.h">
      <Filter>quest-navigator\core\dto</Filter>
    </ClInclude>
    <ClInclude Include="src\quest-navigator\face\standalone-win10\LibraryListener.h">
      <Filter>quest-navigator\face\standalone-win10\drafted</Filter>
    </ClInclude>
    <ClInclude Include="src\quest-navigator\core\dto\ErrorDto.h">
      <Filter>quest-navigator\core\dto</Filter>
    </ClInclude>
    <ClInclude Include="src\quest-navigator\face\standalone-win10\Library.h">
      <Filter>quest-navigator\face\standalone-win10\drafted</Filter>
    </ClInclude>
    <ClInclude Include="src\quest-navigator\core\configuration.h">
      <Filter>quest-navigator\core\completed</Filter>
    </ClInclude>
    <ClInclude Include="src\quest-navigator\core\dialogs.h">
      <Filter>quest-navigator\core\drafted</Filter>
    </ClInclude>
    <ClInclude Include="src\quest-navigator\core\events.h">
      <Filter>quest-navigator\core\completed</Filter>
    </ClInclude>
    <ClInclude Include="src\quest-navigator\core\strings.h">
      <Filter>quest-navigator\core\completed</Filter>
    </ClInclude>
    <ClInclude Include="src\quest-navigator\platform\windows10\UwpJsExecutor.h">
      <Filter>quest-navigator\platform\windows10</Filter>
    </ClInclude>
    <ClInclude Include="src\quest-navigator\platform\windows10\ErrorDebugReporter.h">
      <Filter>quest-navigator\platform\windows10</Filter>
    </ClInclude>
    <ClInclude Include="src\quest-navigator\face\standalone-win10\Constants.h">
      <Filter>quest-navigator\face\standalone-win10</Filter>
    </ClInclude>
    <ClInclude Include="src\quest-navigator\face\standalone-win10\ConfigurationBuilder.h">
      <Filter>quest-navigator\face\standalone-win10</Filter>
    </ClInclude>
    <ClInclude Include="src\quest-navigator\face\universal-awesomium-windows\game_files.h">
      <Filter>quest-navigator\face\universal-awesomium-windows</Filter>
    </ClInclude>
    <ClInclude Include="src\quest-navigator\platform\windows10\StringConverter.h">
      <Filter>quest-navigator\platform\windows10</Filter>
    </ClInclude>
    <ClInclude Include="src\quest-navigator\face\standalone-win10\GameFileManager.h">
      <Filter>quest-navigator\face\standalone-win10</Filter>
    </ClInclude>
    <ClInclude Include="src\quest-navigator\platform\windows10\BeginThread.h">
      <Filter>quest-navigator\platform\windows10</Filter>
    </ClInclude>
    <ClInclude Include="src\quest-navigator\platform\windows10\ThreadEmulation.h">
      <Filter>quest-navigator\platform\windows10</Filter>
    </ClInclude>
    <ClInclude Include="src\quest-navigator\platform\windows10\ThreadManager.h">
      <Filter>quest-navigator\platform\windows10</Filter>
    </ClInclude>
    <ClInclude Include="src\quest-navigator\platform\windows10\ThreadApi.h">
      <Filter>quest-navigator\platform\windows10</Filter>
    </ClInclude>
    <ClInclude Include="src\quest-navigator\platform\awesomium\awesomium_encoding.h">
      <Filter>quest-navigator\platform\awesomium</Filter>
    </ClInclude>
    <ClInclude Include="src\quest-navigator\platform\awesomium\thread_sync.h">
      <Filter>quest-navigator\platform\awesomium</Filter>
    </ClInclude>
    <ClInclude Include="src\quest-navigator\face\universal-awesomium-windows\utils.h">
      <Filter>quest-navigator\face\universal-awesomium-windows</Filter>
    </ClInclude>
    <ClInclude Include="src\quest-navigator\core\encoding.h">
      <Filter>quest-navigator\core\drafted</Filter>
    </ClInclude>
    <ClInclude Include="src\quest-navigator\face\standalone-win10\JsonSerializer.h">
      <Filter>quest-navigator\face\standalone-win10</Filter>
    </ClInclude>
    <ClInclude Include="src\quest-navigator\face\standalone-win10\PathConverter.h" />
    <ClInclude Include="src\quest-navigator\platform\windows10\ApplicationPathReader.h" />
    <ClInclude Include="src\quest-navigator\face\standalone-win10\SaveFileManager.h" />
    <ClInclude Include="src\quest-navigator\face\standalone-win10\FileSystemManager.h" />
    <ClInclude Include="src\quest-navigator\platform\windows10\StoragePathReader.h" />
    <ClInclude Include="src\quest-navigator\platform\windows10\FileSystemApiWin32.h" />
    <ClInclude Include="src\quest-navigator\face\universal-awesomium-windows\sound.h">
      <Filter>quest-navigator\core</Filter>
    </ClInclude>
    <ClInclude Include="src\quest-navigator\face\universal-awesomium-windows\midi.h">
      <Filter>quest-navigator\core</Filter>
    </ClInclude>
  </ItemGroup>
</Project>