<?xml version="1.0" encoding="utf-8"?>
<Project ToolsVersion="15.0" xmlns="http://schemas.microsoft.com/developer/msbuild/2003">
  <ItemGroup>
    <Filter Include="Resources">
      <UniqueIdentifier>871e166b-d21a-4618-a418-a94cdf9def09</UniqueIdentifier>
      <Extensions>rc;ico;cur;bmp;dlg;rc2;rct;bin;rgs;gif;jpg;jpeg;jpe;resx;tga;tiff;tif;png;wav;mfcribbon-ms</Extensions>
    </Filter>
    <Filter Include="quest-navigator">
      <UniqueIdentifier>{6c0b1a10-2d0a-4985-8549-0a228fc8545a}</UniqueIdentifier>
    </Filter>
    <Filter Include="tinyxml">
      <UniqueIdentifier>{95bebfbf-ec4f-4fd0-9a97-5799578d92b4}</UniqueIdentifier>
    </Filter>
    <Filter Include="qsplib">
      <UniqueIdentifier>{9906b3ed-d79f-4c99-a6b5-1d5b423f5716}</UniqueIdentifier>
    </Filter>
    <Filter Include="quest-navigator\awesomium">
      <UniqueIdentifier>{0499d09b-7438-4f1a-aa77-ff68469f7db0}</UniqueIdentifier>
    </Filter>
    <Filter Include="quest-navigator\universal">
      <UniqueIdentifier>{57865d7f-4ee4-4740-8470-55552bab0d0a}</UniqueIdentifier>
    </Filter>
    <Filter Include="quest-navigator\core">
      <UniqueIdentifier>{880433ae-a636-43dd-aee2-808bb6e10215}</UniqueIdentifier>
    </Filter>
  </ItemGroup>
  <ItemGroup>
    <ClCompile Include="pch.cpp" />
    <ClCompile Include="Hello.cpp" />
    <ClCompile Include="src\deps\tinyxml\tinystr.cpp">
      <Filter>tinyxml</Filter>
    </ClCompile>
    <ClCompile Include="src\deps\tinyxml\tinyxml.cpp">
      <Filter>tinyxml</Filter>
    </ClCompile>
    <ClCompile Include="src\deps\tinyxml\tinyxmlerror.cpp">
      <Filter>tinyxml</Filter>
    </ClCompile>
    <ClCompile Include="src\deps\tinyxml\tinyxmlparser.cpp">
      <Filter>tinyxml</Filter>
    </ClCompile>
    <ClCompile Include="src\deps\tinyxml\xmltest.cpp">
      <Filter>tinyxml</Filter>
    </ClCompile>
    <ClCompile Include="src\deps\qsp\codetools.c">
      <Filter>qsplib</Filter>
    </ClCompile>
    <ClCompile Include="src\deps\qsp\coding.c">
      <Filter>qsplib</Filter>
    </ClCompile>
    <ClCompile Include="src\deps\qsp\common.c">
      <Filter>qsplib</Filter>
    </ClCompile>
    <ClCompile Include="src\deps\qsp\onig\enc\cp1251.c">
      <Filter>qsplib</Filter>
    </ClCompile>
    <ClCompile Include="src\deps\qsp\bindings\default\default_callbacks.c">
      <Filter>qsplib</Filter>
    </ClCompile>
    <ClCompile Include="src\deps\qsp\bindings\default\default_coding.c">
      <Filter>qsplib</Filter>
    </ClCompile>
    <ClCompile Include="src\deps\qsp\bindings\default\default_control.c">
      <Filter>qsplib</Filter>
    </ClCompile>
    <ClCompile Include="src\deps\qsp\errors.c">
      <Filter>qsplib</Filter>
    </ClCompile>
    <ClCompile Include="src\deps\qsp\bindings\flash\flash_callbacks.c">
      <Filter>qsplib</Filter>
    </ClCompile>
    <ClCompile Include="src\deps\qsp\bindings\flash\flash_coding.c">
      <Filter>qsplib</Filter>
    </ClCompile>
    <ClCompile Include="src\deps\qsp\bindings\flash\flash_control.c">
      <Filter>qsplib</Filter>
    </ClCompile>
    <ClCompile Include="src\deps\qsp\game.c">
      <Filter>qsplib</Filter>
    </ClCompile>
    <ClCompile Include="src\deps\qsp\bindings\java\java_callbacks.c">
      <Filter>qsplib</Filter>
    </ClCompile>
    <ClCompile Include="src\deps\qsp\bindings\java\java_coding.c">
      <Filter>qsplib</Filter>
    </ClCompile>
    <ClCompile Include="src\deps\qsp\bindings\java\java_control.c">
      <Filter>qsplib</Filter>
    </ClCompile>
    <ClCompile Include="src\deps\qsp\onig\enc\koi8_r.c">
      <Filter>qsplib</Filter>
    </ClCompile>
    <ClCompile Include="src\deps\qsp\locations.c">
      <Filter>qsplib</Filter>
    </ClCompile>
    <ClCompile Include="src\deps\qsp\mathops.c">
      <Filter>qsplib</Filter>
    </ClCompile>
    <ClCompile Include="src\deps\qsp\memwatch.c">
      <Filter>qsplib</Filter>
    </ClCompile>
    <ClCompile Include="src\deps\qsp\menu.c">
      <Filter>qsplib</Filter>
    </ClCompile>
    <ClCompile Include="src\deps\qsp\objects.c">
      <Filter>qsplib</Filter>
    </ClCompile>
    <ClCompile Include="src\deps\qsp\playlist.c">
      <Filter>qsplib</Filter>
    </ClCompile>
    <ClCompile Include="src\deps\qsp\onig\regcomp.c">
      <Filter>qsplib</Filter>
    </ClCompile>
    <ClCompile Include="src\deps\qsp\onig\regenc.c">
      <Filter>qsplib</Filter>
    </ClCompile>
    <ClCompile Include="src\deps\qsp\onig\regerror.c">
      <Filter>qsplib</Filter>
    </ClCompile>
    <ClCompile Include="src\deps\qsp\onig\regexec.c">
      <Filter>qsplib</Filter>
    </ClCompile>
    <ClCompile Include="src\deps\qsp\regexp.c">
      <Filter>qsplib</Filter>
    </ClCompile>
    <ClCompile Include="src\deps\qsp\onig\regparse.c">
      <Filter>qsplib</Filter>
    </ClCompile>
    <ClCompile Include="src\deps\qsp\onig\regsyntax.c">
      <Filter>qsplib</Filter>
    </ClCompile>
    <ClCompile Include="src\deps\qsp\onig\regtrav.c">
      <Filter>qsplib</Filter>
    </ClCompile>
    <ClCompile Include="src\deps\qsp\onig\regversion.c">
      <Filter>qsplib</Filter>
    </ClCompile>
    <ClCompile Include="src\deps\qsp\onig\st.c">
      <Filter>qsplib</Filter>
    </ClCompile>
    <ClCompile Include="src\deps\qsp\statements.c">
      <Filter>qsplib</Filter>
    </ClCompile>
    <ClCompile Include="src\deps\qsp\text.c">
      <Filter>qsplib</Filter>
    </ClCompile>
    <ClCompile Include="src\deps\qsp\time.c">
      <Filter>qsplib</Filter>
    </ClCompile>
    <ClCompile Include="src\deps\qsp\towlower.c">
      <Filter>qsplib</Filter>
    </ClCompile>
    <ClCompile Include="src\deps\qsp\towupper.c">
      <Filter>qsplib</Filter>
    </ClCompile>
    <ClCompile Include="src\deps\qsp\onig\enc\unicode.c">
      <Filter>qsplib</Filter>
    </ClCompile>
    <ClCompile Include="src\deps\qsp\onig\enc\utf16_be.c">
      <Filter>qsplib</Filter>
    </ClCompile>
    <ClCompile Include="src\deps\qsp\onig\enc\utf16_le.c">
      <Filter>qsplib</Filter>
    </ClCompile>
    <ClCompile Include="src\deps\qsp\onig\enc\utf32_be.c">
      <Filter>qsplib</Filter>
    </ClCompile>
    <ClCompile Include="src\deps\qsp\onig\enc\utf32_le.c">
      <Filter>qsplib</Filter>
    </ClCompile>
    <ClCompile Include="src\deps\qsp\variables.c">
      <Filter>qsplib</Filter>
    </ClCompile>
    <ClCompile Include="src\deps\qsp\variant.c">
      <Filter>qsplib</Filter>
    </ClCompile>
    <ClCompile Include="src\quest-navigator\interceptor.cpp">
      <Filter>quest-navigator\awesomium</Filter>
    </ClCompile>
    <ClCompile Include="src\quest-navigator\listener.cpp">
      <Filter>quest-navigator\awesomium</Filter>
    </ClCompile>
    <ClCompile Include="src\quest-navigator\gamestock.cpp">
      <Filter>quest-navigator\universal</Filter>
    </ClCompile>
    <ClCompile Include="src\quest-navigator\configuration.cpp">
      <Filter>quest-navigator\core</Filter>
    </ClCompile>
    <ClCompile Include="src\quest-navigator\midi.cpp">
      <Filter>quest-navigator\core</Filter>
    </ClCompile>
    <ClCompile Include="src\quest-navigator\skin.cpp">
      <Filter>quest-navigator\core</Filter>
    </ClCompile>
    <ClCompile Include="src\quest-navigator\sound.cpp">
      <Filter>quest-navigator\core</Filter>
    </ClCompile>
    <ClCompile Include="src\quest-navigator\utils.cpp">
      <Filter>quest-navigator\core</Filter>
    </ClCompile>
    <ClCompile Include="src\common\application_win.cc">
      <Filter>quest-navigator\awesomium</Filter>
    </ClCompile>
    <ClCompile Include="src\common\method_dispatcher.cc">
      <Filter>quest-navigator\awesomium</Filter>
    </ClCompile>
    <ClCompile Include="src\common\view_win.cc">
      <Filter>quest-navigator\awesomium</Filter>
    </ClCompile>
    <ClCompile Include="src\deps\qsp\callbacks.c">
      <Filter>qsplib</Filter>
    </ClCompile>
    <ClCompile Include="src\deps\qsp\onig\enc\ascii.c">
      <Filter>qsplib</Filter>
    </ClCompile>
    <ClCompile Include="src\deps\qsp\bindings\android\android_control.c">
      <Filter>qsplib</Filter>
    </ClCompile>
    <ClCompile Include="src\deps\qsp\bindings\android\android_coding.c">
      <Filter>qsplib</Filter>
    </ClCompile>
    <ClCompile Include="src\deps\qsp\bindings\android\android_callbacks.c">
      <Filter>qsplib</Filter>
    </ClCompile>
    <ClCompile Include="src\deps\qsp\actions.c">
      <Filter>qsplib</Filter>
    </ClCompile>
  </ItemGroup>
  <ItemGroup>
    <ClInclude Include="pch.h" />
    <ClInclude Include="Hello.h" />
    <ClInclude Include="src\deps\tinyxml\tinystr.h">
      <Filter>tinyxml</Filter>
    </ClInclude>
    <ClInclude Include="src\deps\tinyxml\tinyxml.h">
      <Filter>tinyxml</Filter>
    </ClInclude>
    <ClInclude Include="src\deps\qsp\actions.h">
      <Filter>qsplib</Filter>
    </ClInclude>
    <ClInclude Include="src\deps\qsp\bindings\android\android.h">
      <Filter>qsplib</Filter>
    </ClInclude>
    <ClInclude Include="src\deps\qsp\bindings\bindings_config.h">
      <Filter>qsplib</Filter>
    </ClInclude>
    <ClInclude Include="src\deps\qsp\callbacks.h">
      <Filter>qsplib</Filter>
    </ClInclude>
    <ClInclude Include="src\deps\qsp\codetools.h">
      <Filter>qsplib</Filter>
    </ClInclude>
    <ClInclude Include="src\deps\qsp\coding.h">
      <Filter>qsplib</Filter>
    </ClInclude>
    <ClInclude Include="src\deps\qsp\common.h">
      <Filter>qsplib</Filter>
    </ClInclude>
    <ClInclude Include="src\deps\qsp\onig\config.h">
      <Filter>qsplib</Filter>
    </ClInclude>
    <ClInclude Include="src\deps\qsp\declarations.h">
      <Filter>qsplib</Filter>
    </ClInclude>
    <ClInclude Include="src\deps\qsp\errors.h">
      <Filter>qsplib</Filter>
    </ClInclude>
    <ClInclude Include="src\deps\qsp\bindings\flash\flash.h">
      <Filter>qsplib</Filter>
    </ClInclude>
    <ClInclude Include="src\deps\qsp\game.h">
      <Filter>qsplib</Filter>
    </ClInclude>
    <ClInclude Include="src\deps\qsp\bindings\java\java.h">
      <Filter>qsplib</Filter>
    </ClInclude>
    <ClInclude Include="src\deps\qsp\locations.h">
      <Filter>qsplib</Filter>
    </ClInclude>
    <ClInclude Include="src\deps\qsp\mathops.h">
      <Filter>qsplib</Filter>
    </ClInclude>
    <ClInclude Include="src\deps\qsp\memwatch.h">
      <Filter>qsplib</Filter>
    </ClInclude>
    <ClInclude Include="src\deps\qsp\menu.h">
      <Filter>qsplib</Filter>
    </ClInclude>
    <ClInclude Include="src\deps\qsp\objects.h">
      <Filter>qsplib</Filter>
    </ClInclude>
    <ClInclude Include="src\deps\qsp\onig\oniguruma.h">
      <Filter>qsplib</Filter>
    </ClInclude>
    <ClInclude Include="src\deps\qsp\playlist.h">
      <Filter>qsplib</Filter>
    </ClInclude>
    <ClInclude Include="src\deps\qsp\qsp.h">
      <Filter>qsplib</Filter>
    </ClInclude>
    <ClInclude Include="src\deps\qsp\bindings\default\qsp_default.h">
      <Filter>qsplib</Filter>
    </ClInclude>
    <ClInclude Include="src\deps\qsp\onig\regenc.h">
      <Filter>qsplib</Filter>
    </ClInclude>
    <ClInclude Include="src\deps\qsp\regexp.h">
      <Filter>qsplib</Filter>
    </ClInclude>
    <ClInclude Include="src\deps\qsp\onig\regint.h">
      <Filter>qsplib</Filter>
    </ClInclude>
    <ClInclude Include="src\deps\qsp\onig\regparse.h">
      <Filter>qsplib</Filter>
    </ClInclude>
    <ClInclude Include="src\deps\qsp\onig\st.h">
      <Filter>qsplib</Filter>
    </ClInclude>
    <ClInclude Include="src\deps\qsp\statements.h">
      <Filter>qsplib</Filter>
    </ClInclude>
    <ClInclude Include="src\deps\qsp\text.h">
      <Filter>qsplib</Filter>
    </ClInclude>
    <ClInclude Include="src\deps\qsp\time.h">
      <Filter>qsplib</Filter>
    </ClInclude>
    <ClInclude Include="src\deps\qsp\variables.h">
      <Filter>qsplib</Filter>
    </ClInclude>
    <ClInclude Include="src\deps\qsp\variant.h">
      <Filter>qsplib</Filter>
    </ClInclude>
    <ClInclude Include="src\quest-navigator\interceptor.h">
      <Filter>quest-navigator\awesomium</Filter>
    </ClInclude>
    <ClInclude Include="src\quest-navigator\listener.h">
      <Filter>quest-navigator\awesomium</Filter>
    </ClInclude>
    <ClInclude Include="src\quest-navigator\gamestock.h">
      <Filter>quest-navigator\universal</Filter>
    </ClInclude>
    <ClInclude Include="src\quest-navigator\configuration.h">
      <Filter>quest-navigator\core</Filter>
    </ClInclude>
    <ClInclude Include="src\quest-navigator\midi.h">
      <Filter>quest-navigator\core</Filter>
    </ClInclude>
    <ClInclude Include="platform.h">
      <Filter>quest-navigator\core</Filter>
    </ClInclude>
    <ClInclude Include="src\quest-navigator\skin.h">
      <Filter>quest-navigator\core</Filter>
    </ClInclude>
    <ClInclude Include="src\quest-navigator\sound.h">
      <Filter>quest-navigator\core</Filter>
    </ClInclude>
    <ClInclude Include="src\quest-navigator\utils.h">
      <Filter>quest-navigator\core</Filter>
    </ClInclude>
    <ClInclude Include="src\common\application.h">
      <Filter>quest-navigator\awesomium</Filter>
    </ClInclude>
    <ClInclude Include="src\common\js_delegate.h">
      <Filter>quest-navigator\awesomium</Filter>
    </ClInclude>
    <ClInclude Include="src\common\method_dispatcher.h">
      <Filter>quest-navigator\awesomium</Filter>
    </ClInclude>
    <ClInclude Include="src\common\view.h">
      <Filter>quest-navigator\awesomium</Filter>
    </ClInclude>
    <ClInclude Include="src\common\view_win.h">
      <Filter>quest-navigator\awesomium</Filter>
    </ClInclude>
  </ItemGroup>
</Project>